
Microsoft Visual Studio Solution File, Format Version 12.00
# Visual Studio Version 17
VisualStudioVersion = 17.2.32630.192
MinimumVisualStudioVersion = 10.0.40219.1
Project("{9A19103F-16F7-4668-BE54-9A1E7A4F7556}") = "WebApiApp", "WebApiApp\WebApiApp.csproj", "{197CBB5B-C6A8-4188-A7AB-EB339C33CDA7}"
EndProject
Project("{FAE04EC0-301F-11D3-BF4B-00C04F79EFBC}") = "Core", "Core\Core.csproj", "{701FB2EC-F244-4B19-97DE-93685C1FFB0F}"
EndProject
Project("{FAE04EC0-301F-11D3-BF4B-00C04F79EFBC}") = "DataStore.EF", "DataStore.EF\DataStore.EF.csproj", "{5828F15E-C6C0-448A-A287-C84D4591950F}"
EndProject
Global
	GlobalSection(SolutionConfigurationPlatforms) = preSolution
		Debug|Any CPU = Debug|Any CPU
		Release|Any CPU = Release|Any CPU
	EndGlobalSection
	GlobalSection(ProjectConfigurationPlatforms) = postSolution
		{197CBB5B-C6A8-4188-A7AB-EB339C33CDA7}.Debug|Any CPU.ActiveCfg = Debug|Any CPU
		{197CBB5B-C6A8-4188-A7AB-EB339C33CDA7}.Debug|Any CPU.Build.0 = Debug|Any CPU
		{197CBB5B-C6A8-4188-A7AB-EB339C33CDA7}.Release|Any CPU.ActiveCfg = Release|Any CPU
		{197CBB5B-C6A8-4188-A7AB-EB339C33CDA7}.Release|Any CPU.Build.0 = Release|Any CPU
		{701FB2EC-F244-4B19-97DE-93685C1FFB0F}.Debug|Any CPU.ActiveCfg = Debug|Any CPU
		{701FB2EC-F244-4B19-97DE-93685C1FFB0F}.Debug|Any CPU.Build.0 = Debug|Any CPU
		{701FB2EC-F244-4B19-97DE-93685C1FFB0F}.Release|Any CPU.ActiveCfg = Release|Any CPU
		{701FB2EC-F244-4B19-97DE-93685C1FFB0F}.Release|Any CPU.Build.0 = Release|Any CPU
		{5828F15E-C6C0-448A-A287-C84D4591950F}.Debug|Any CPU.ActiveCfg = Debug|Any CPU
		{5828F15E-C6C0-448A-A287-C84D4591950F}.Debug|Any CPU.Build.0 = Debug|Any CPU
		{5828F15E-C6C0-448A-A287-C84D4591950F}.Release|Any CPU.ActiveCfg = Release|Any CPU
		{5828F15E-C6C0-448A-A287-C84D4591950F}.Release|Any CPU.Build.0 = Release|Any CPU
	EndGlobalSection
	GlobalSection(SolutionProperties) = preSolution
		HideSolutionNode = FALSE
	EndGlobalSection
	GlobalSection(ExtensibilityGlobals) = postSolution
		SolutionGuid = {167A5E96-D5C2-4D21-B0E5-DFE006CE2DA7}
	EndGlobalSection
EndGlobal
